// !$*UTF8*$!
{
	archiveVersion = 1;
	classes = {
	};
	objectVersion = 50;
	objects = {

/* Begin PBXBuildFile section */
		6E03D0E520943B6800B16776 /* AppDelegate.swift in Sources */ = {isa = PBXBuildFile; fileRef = 6E03D0E420943B6800B16776 /* AppDelegate.swift */; };
		6E03D0E720943B6800B16776 /* ViewController.swift in Sources */ = {isa = PBXBuildFile; fileRef = 6E03D0E620943B6800B16776 /* ViewController.swift */; };
		6E03D0EA20943B6800B16776 /* Main.storyboard in Resources */ = {isa = PBXBuildFile; fileRef = 6E03D0E820943B6800B16776 /* Main.storyboard */; };
		6E03D0EC20943B6A00B16776 /* Assets.xcassets in Resources */ = {isa = PBXBuildFile; fileRef = 6E03D0EB20943B6A00B16776 /* Assets.xcassets */; };
		6E03D0EF20943B6A00B16776 /* LaunchScreen.storyboard in Resources */ = {isa = PBXBuildFile; fileRef = 6E03D0ED20943B6A00B16776 /* LaunchScreen.storyboard */; };
		6E03D0FA20943B6A00B16776 /* swiftyMapsTests.swift in Sources */ = {isa = PBXBuildFile; fileRef = 6E03D0F920943B6A00B16776 /* swiftyMapsTests.swift */; };
		6E03D10520943B6A00B16776 /* swiftyMapsUITests.swift in Sources */ = {isa = PBXBuildFile; fileRef = 6E03D10420943B6A00B16776 /* swiftyMapsUITests.swift */; };
/* End PBXBuildFile section */

/* Begin PBXContainerItemProxy section */
		6E03D0F620943B6A00B16776 /* PBXContainerItemProxy */ = {
			isa = PBXContainerItemProxy;
			containerPortal = 6E03D0D920943B6800B16776 /* Project object */;
			proxyType = 1;
			remoteGlobalIDString = 6E03D0E020943B6800B16776;
			remoteInfo = swiftyMaps;
		};
		6E03D10120943B6A00B16776 /* PBXContainerItemProxy */ = {
			isa = PBXContainerItemProxy;
			containerPortal = 6E03D0D920943B6800B16776 /* Project object */;
			proxyType = 1;
			remoteGlobalIDString = 6E03D0E020943B6800B16776;
			remoteInfo = swiftyMaps;
		};
/* End PBXContainerItemProxy section */

/* Begin PBXFileReference section */
		6E03D0E120943B6800B16776 /* swiftyMaps.app */ = {isa = PBXFileReference; explicitFileType = wrapper.application; includeInIndex = 0; path = swiftyMaps.app; sourceTree = BUILT_PRODUCTS_DIR; };
		6E03D0E420943B6800B16776 /* AppDelegate.swift */ = {isa = PBXFileReference; lastKnownFileType = sourcecode.swift; path = AppDelegate.swift; sourceTree = "<group>"; };
		6E03D0E620943B6800B16776 /* ViewController.swift */ = {isa = PBXFileReference; lastKnownFileType = sourcecode.swift; path = ViewController.swift; sourceTree = "<group>"; };
		6E03D0E920943B6800B16776 /* Base */ = {isa = PBXFileReference; lastKnownFileType = file.storyboard; name = Base; path = Base.lproj/Main.storyboard; sourceTree = "<group>"; };
		6E03D0EB20943B6A00B16776 /* Assets.xcassets */ = {isa = PBXFileReference; lastKnownFileType = folder.assetcatalog; path = Assets.xcassets; sourceTree = "<group>"; };
		6E03D0EE20943B6A00B16776 /* Base */ = {isa = PBXFileReference; lastKnownFileType = file.storyboard; name = Base; path = Base.lproj/LaunchScreen.storyboard; sourceTree = "<group>"; };
		6E03D0F020943B6A00B16776 /* Info.plist */ = {isa = PBXFileReference; lastKnownFileType = text.plist.xml; path = Info.plist; sourceTree = "<group>"; };
		6E03D0F520943B6A00B16776 /* swiftyMapsTests.xctest */ = {isa = PBXFileReference; explicitFileType = wrapper.cfbundle; includeInIndex = 0; path = swiftyMapsTests.xctest; sourceTree = BUILT_PRODUCTS_DIR; };
		6E03D0F920943B6A00B16776 /* swiftyMapsTests.swift */ = {isa = PBXFileReference; lastKnownFileType = sourcecode.swift; path = swiftyMapsTests.swift; sourceTree = "<group>"; };
		6E03D0FB20943B6A00B16776 /* Info.plist */ = {isa = PBXFileReference; lastKnownFileType = text.plist.xml; path = Info.plist; sourceTree = "<group>"; };
		6E03D10020943B6A00B16776 /* swiftyMapsUITests.xctest */ = {isa = PBXFileReference; explicitFileType = wrapper.cfbundle; includeInIndex = 0; path = swiftyMapsUITests.xctest; sourceTree = BUILT_PRODUCTS_DIR; };
		6E03D10420943B6A00B16776 /* swiftyMapsUITests.swift */ = {isa = PBXFileReference; lastKnownFileType = sourcecode.swift; path = swiftyMapsUITests.swift; sourceTree = "<group>"; };
		6E03D10620943B6A00B16776 /* Info.plist */ = {isa = PBXFileReference; lastKnownFileType = text.plist.xml; path = Info.plist; sourceTree = "<group>"; };
/* End PBXFileReference section */

/* Begin PBXFrameworksBuildPhase section */
		6E03D0DE20943B6800B16776 /* Frameworks */ = {
			isa = PBXFrameworksBuildPhase;
			buildActionMask = 2147483647;
			files = (
			);
			runOnlyForDeploymentPostprocessing = 0;
		};
		6E03D0F220943B6A00B16776 /* Frameworks */ = {
			isa = PBXFrameworksBuildPhase;
			buildActionMask = 2147483647;
			files = (
			);
			runOnlyForDeploymentPostprocessing = 0;
		};
		6E03D0FD20943B6A00B16776 /* Frameworks */ = {
			isa = PBXFrameworksBuildPhase;
			buildActionMask = 2147483647;
			files = (
			);
			runOnlyForDeploymentPostprocessing = 0;
		};
/* End PBXFrameworksBuildPhase section */

/* Begin PBXGroup section */
		6E03D0D820943B6800B16776 = {
			isa = PBXGroup;
			children = (
				6E03D0E320943B6800B16776 /* swiftyMaps */,
				6E03D0F820943B6A00B16776 /* swiftyMapsTests */,
				6E03D10320943B6A00B16776 /* swiftyMapsUITests */,
				6E03D0E220943B6800B16776 /* Products */,
			);
			sourceTree = "<group>";
		};
		6E03D0E220943B6800B16776 /* Products */ = {
			isa = PBXGroup;
			children = (
				6E03D0E120943B6800B16776 /* swiftyMaps.app */,
				6E03D0F520943B6A00B16776 /* swiftyMapsTests.xctest */,
				6E03D10020943B6A00B16776 /* swiftyMapsUITests.xctest */,
			);
			name = Products;
			sourceTree = "<group>";
		};
		6E03D0E320943B6800B16776 /* swiftyMaps */ = {
			isa = PBXGroup;
			children = (
				6E03D0E420943B6800B16776 /* AppDelegate.swift */,
				6E03D0E620943B6800B16776 /* ViewController.swift */,
				6E03D0E820943B6800B16776 /* Main.storyboard */,
				6E03D0EB20943B6A00B16776 /* Assets.xcassets */,
				6E03D0ED20943B6A00B16776 /* LaunchScreen.storyboard */,
				6E03D0F020943B6A00B16776 /* Info.plist */,
			);
			path = swiftyMaps;
			sourceTree = "<group>";
		};
		6E03D0F820943B6A00B16776 /* swiftyMapsTests */ = {
			isa = PBXGroup;
			children = (
				6E03D0F920943B6A00B16776 /* swiftyMapsTests.swift */,
				6E03D0FB20943B6A00B16776 /* Info.plist */,
			);
			path = swiftyMapsTests;
			sourceTree = "<group>";
		};
		6E03D10320943B6A00B16776 /* swiftyMapsUITests */ = {
			isa = PBXGroup;
			children = (
				6E03D10420943B6A00B16776 /* swiftyMapsUITests.swift */,
				6E03D10620943B6A00B16776 /* Info.plist */,
			);
			path = swiftyMapsUITests;
			sourceTree = "<group>";
		};
/* End PBXGroup section */

/* Begin PBXNativeTarget section */
		6E03D0E020943B6800B16776 /* swiftyMaps */ = {
			isa = PBXNativeTarget;
			buildConfigurationList = 6E03D10920943B6A00B16776 /* Build configuration list for PBXNativeTarget "swiftyMaps" */;
			buildPhases = (
				6E03D0DD20943B6800B16776 /* Sources */,
				6E03D0DE20943B6800B16776 /* Frameworks */,
				6E03D0DF20943B6800B16776 /* Resources */,
			);
			buildRules = (
			);
			dependencies = (
			);
			name = swiftyMaps;
			productName = swiftyMaps;
			productReference = 6E03D0E120943B6800B16776 /* swiftyMaps.app */;
			productType = "com.apple.product-type.application";
		};
		6E03D0F420943B6A00B16776 /* swiftyMapsTests */ = {
			isa = PBXNativeTarget;
			buildConfigurationList = 6E03D10C20943B6A00B16776 /* Build configuration list for PBXNativeTarget "swiftyMapsTests" */;
			buildPhases = (
				6E03D0F120943B6A00B16776 /* Sources */,
				6E03D0F220943B6A00B16776 /* Frameworks */,
				6E03D0F320943B6A00B16776 /* Resources */,
			);
			buildRules = (
			);
			dependencies = (
				6E03D0F720943B6A00B16776 /* PBXTargetDependency */,
			);
			name = swiftyMapsTests;
			productName = swiftyMapsTests;
			productReference = 6E03D0F520943B6A00B16776 /* swiftyMapsTests.xctest */;
			productType = "com.apple.product-type.bundle.unit-test";
		};
		6E03D0FF20943B6A00B16776 /* swiftyMapsUITests */ = {
			isa = PBXNativeTarget;
			buildConfigurationList = 6E03D10F20943B6A00B16776 /* Build configuration list for PBXNativeTarget "swiftyMapsUITests" */;
			buildPhases = (
				6E03D0FC20943B6A00B16776 /* Sources */,
				6E03D0FD20943B6A00B16776 /* Frameworks */,
				6E03D0FE20943B6A00B16776 /* Resources */,
			);
			buildRules = (
			);
			dependencies = (
				6E03D10220943B6A00B16776 /* PBXTargetDependency */,
			);
			name = swiftyMapsUITests;
			productName = swiftyMapsUITests;
			productReference = 6E03D10020943B6A00B16776 /* swiftyMapsUITests.xctest */;
			productType = "com.apple.product-type.bundle.ui-testing";
		};
/* End PBXNativeTarget section */

/* Begin PBXProject section */
		6E03D0D920943B6800B16776 /* Project object */ = {
			isa = PBXProject;
			attributes = {
				LastSwiftUpdateCheck = 0930;
				LastUpgradeCheck = 0930;
				ORGANIZATIONNAME = Prateek;
				TargetAttributes = {
					6E03D0E020943B6800B16776 = {
						CreatedOnToolsVersion = 9.3;
					};
					6E03D0F420943B6A00B16776 = {
						CreatedOnToolsVersion = 9.3;
						TestTargetID = 6E03D0E020943B6800B16776;
					};
					6E03D0FF20943B6A00B16776 = {
						CreatedOnToolsVersion = 9.3;
						TestTargetID = 6E03D0E020943B6800B16776;
					};
				};
			};
			buildConfigurationList = 6E03D0DC20943B6800B16776 /* Build configuration list for PBXProject "swiftyMaps" */;
			compatibilityVersion = "Xcode 9.3";
			developmentRegion = en;
			hasScannedForEncodings = 0;
			knownRegions = (
				en,
				Base,
			);
			mainGroup = 6E03D0D820943B6800B16776;
			productRefGroup = 6E03D0E220943B6800B16776 /* Products */;
			projectDirPath = "";
			projectRoot = "";
			targets = (
				6E03D0E020943B6800B16776 /* swiftyMaps */,
				6E03D0F420943B6A00B16776 /* swiftyMapsTests */,
				6E03D0FF20943B6A00B16776 /* swiftyMapsUITests */,
			);
		};
/* End PBXProject section */

/* Begin PBXResourcesBuildPhase section */
		6E03D0DF20943B6800B16776 /* Resources */ = {
			isa = PBXResourcesBuildPhase;
			buildActionMask = 2147483647;
			files = (
				6E03D0EF20943B6A00B16776 /* LaunchScreen.storyboard in Resources */,
				6E03D0EC20943B6A00B16776 /* Assets.xcassets in Resources */,
				6E03D0EA20943B6800B16776 /* Main.storyboard in Resources */,
			);
			runOnlyForDeploymentPostprocessing = 0;
		};
		6E03D0F320943B6A00B16776 /* Resources */ = {
			isa = PBXResourcesBuildPhase;
			buildActionMask = 2147483647;
			files = (
			);
			runOnlyForDeploymentPostprocessing = 0;
		};
		6E03D0FE20943B6A00B16776 /* Resources */ = {
			isa = PBXResourcesBuildPhase;
			buildActionMask = 2147483647;
			files = (
			);
			runOnlyForDeploymentPostprocessing = 0;
		};
/* End PBXResourcesBuildPhase section */

/* Begin PBXSourcesBuildPhase section */
		6E03D0DD20943B6800B16776 /* Sources */ = {
			isa = PBXSourcesBuildPhase;
			buildActionMask = 2147483647;
			files = (
				6E03D0E720943B6800B16776 /* ViewController.swift in Sources */,
				6E03D0E520943B6800B16776 /* AppDelegate.swift in Sources */,
			);
			runOnlyForDeploymentPostprocessing = 0;
		};
		6E03D0F120943B6A00B16776 /* Sources */ = {
			isa = PBXSourcesBuildPhase;
			buildActionMask = 2147483647;
			files = (
				6E03D0FA20943B6A00B16776 /* swiftyMapsTests.swift in Sources */,
			);
			runOnlyForDeploymentPostprocessing = 0;
		};
		6E03D0FC20943B6A00B16776 /* Sources */ = {
			isa = PBXSourcesBuildPhase;
			buildActionMask = 2147483647;
			files = (
				6E03D10520943B6A00B16776 /* swiftyMapsUITests.swift in Sources */,
			);
			runOnlyForDeploymentPostprocessing = 0;
		};
/* End PBXSourcesBuildPhase section */

/* Begin PBXTargetDependency section */
		6E03D0F720943B6A00B16776 /* PBXTargetDependency */ = {
			isa = PBXTargetDependency;
			target = 6E03D0E020943B6800B16776 /* swiftyMaps */;
			targetProxy = 6E03D0F620943B6A00B16776 /* PBXContainerItemProxy */;
		};
		6E03D10220943B6A00B16776 /* PBXTargetDependency */ = {
			isa = PBXTargetDependency;
			target = 6E03D0E020943B6800B16776 /* swiftyMaps */;
			targetProxy = 6E03D10120943B6A00B16776 /* PBXContainerItemProxy */;
		};
/* End PBXTargetDependency section */

/* Begin PBXVariantGroup section */
		6E03D0E820943B6800B16776 /* Main.storyboard */ = {
			isa = PBXVariantGroup;
			children = (
				6E03D0E920943B6800B16776 /* Base */,
			);
			name = Main.storyboard;
			sourceTree = "<group>";
		};
		6E03D0ED20943B6A00B16776 /* LaunchScreen.storyboard */ = {
			isa = PBXVariantGroup;
			children = (
				6E03D0EE20943B6A00B16776 /* Base */,
			);
			name = LaunchScreen.storyboard;
			sourceTree = "<group>";
		};
/* End PBXVariantGroup section */

/* Begin XCBuildConfiguration section */
		6E03D10720943B6A00B16776 /* Debug */ = {
			isa = XCBuildConfiguration;
			buildSettings = {
				ALWAYS_SEARCH_USER_PATHS = NO;
				CLANG_ANALYZER_NONNULL = YES;
				CLANG_ANALYZER_NUMBER_OBJECT_CONVERSION = YES_AGGRESSIVE;
				CLANG_CXX_LANGUAGE_STANDARD = "gnu++14";
				CLANG_CXX_LIBRARY = "libc++";
				CLANG_ENABLE_MODULES = YES;
				CLANG_ENABLE_OBJC_ARC = YES;
				CLANG_ENABLE_OBJC_WEAK = YES;
				CLANG_WARN_BLOCK_CAPTURE_AUTORELEASING = YES;
				CLANG_WARN_BOOL_CONVERSION = YES;
				CLANG_WARN_COMMA = YES;
				CLANG_WARN_CONSTANT_CONVERSION = YES;
				CLANG_WARN_DEPRECATED_OBJC_IMPLEMENTATIONS = YES;
				CLANG_WARN_DIRECT_OBJC_ISA_USAGE = YES_ERROR;
				CLANG_WARN_DOCUMENTATION_COMMENTS = YES;
				CLANG_WARN_EMPTY_BODY = YES;
				CLANG_WARN_ENUM_CONVERSION = YES;
				CLANG_WARN_INFINITE_RECURSION = YES;
				CLANG_WARN_INT_CONVERSION = YES;
				CLANG_WARN_NON_LITERAL_NULL_CONVERSION = YES;
				CLANG_WARN_OBJC_IMPLICIT_RETAIN_SELF = YES;
				CLANG_WARN_OBJC_LITERAL_CONVERSION = YES;
				CLANG_WARN_OBJC_ROOT_CLASS = YES_ERROR;
				CLANG_WARN_RANGE_LOOP_ANALYSIS = YES;
				CLANG_WARN_STRICT_PROTOTYPES = YES;
				CLANG_WARN_SUSPICIOUS_MOVE = YES;
				CLANG_WARN_UNGUARDED_AVAILABILITY = YES_AGGRESSIVE;
				CLANG_WARN_UNREACHABLE_CODE = YES;
				CLANG_WARN__DUPLICATE_METHOD_MATCH = YES;
				CODE_SIGN_IDENTITY = "iPhone Developer";
				COPY_PHASE_STRIP = NO;
				DEBUG_INFORMATION_FORMAT = dwarf;
				ENABLE_STRICT_OBJC_MSGSEND = YES;
				ENABLE_TESTABILITY = YES;
				GCC_C_LANGUAGE_STANDARD = gnu11;
				GCC_DYNAMIC_NO_PIC = NO;
				GCC_NO_COMMON_BLOCKS = YES;
				GCC_OPTIMIZATION_LEVEL = 0;
				GCC_PREPROCESSOR_DEFINITIONS = (
					"DEBUG=1",
					"$(inherited)",
				);
				GCC_WARN_64_TO_32_BIT_CONVERSION = YES;
				GCC_WARN_ABOUT_RETURN_TYPE = YES_ERROR;
				GCC_WARN_UNDECLARED_SELECTOR = YES;
				GCC_WARN_UNINITIALIZED_AUTOS = YES_AGGRESSIVE;
				GCC_WARN_UNUSED_FUNCTION = YES;
				GCC_WARN_UNUSED_VARIABLE = YES;
				IPHONEOS_DEPLOYMENT_TARGET = 11.3;
				MTL_ENABLE_DEBUG_INFO = YES;
				ONLY_ACTIVE_ARCH = YES;
				SDKROOT = iphoneos;
				SWIFT_ACTIVE_COMPILATION_CONDITIONS = DEBUG;
				SWIFT_OPTIMIZATION_LEVEL = "-Onone";
			};
			name = Debug;
		};
		6E03D10820943B6A00B16776 /* Release */ = {
			isa = XCBuildConfiguration;
			buildSettings = {
				ALWAYS_SEARCH_USER_PATHS = NO;
				CLANG_ANALYZER_NONNULL = YES;
				CLANG_ANALYZER_NUMBER_OBJECT_CONVERSION = YES_AGGRESSIVE;
				CLANG_CXX_LANGUAGE_STANDARD = "gnu++14";
				CLANG_CXX_LIBRARY = "libc++";
				CLANG_ENABLE_MODULES = YES;
				CLANG_ENABLE_OBJC_ARC = YES;
				CLANG_ENABLE_OBJC_WEAK = YES;
				CLANG_WARN_BLOCK_CAPTURE_AUTORELEASING = YES;
				CLANG_WARN_BOOL_CONVERSION = YES;
				CLANG_WARN_COMMA = YES;
				CLANG_WARN_CONSTANT_CONVERSION = YES;
				CLANG_WARN_DEPRECATED_OBJC_IMPLEMENTATIONS = YES;
				CLANG_WARN_DIRECT_OBJC_ISA_USAGE = YES_ERROR;
				CLANG_WARN_DOCUMENTATION_COMMENTS = YES;
				CLANG_WARN_EMPTY_BODY = YES;
				CLANG_WARN_ENUM_CONVERSION = YES;
				CLANG_WARN_INFINITE_RECURSION = YES;
				CLANG_WARN_INT_CONVERSION = YES;
				CLANG_WARN_NON_LITERAL_NULL_CONVERSION = YES;
				CLANG_WARN_OBJC_IMPLICIT_RETAIN_SELF = YES;
				CLANG_WARN_OBJC_LITERAL_CONVERSION = YES;
				CLANG_WARN_OBJC_ROOT_CLASS = YES_ERROR;
				CLANG_WARN_RANGE_LOOP_ANALYSIS = YES;
				CLANG_WARN_STRICT_PROTOTYPES = YES;
				CLANG_WARN_SUSPICIOUS_MOVE = YES;
				CLANG_WARN_UNGUARDED_AVAILABILITY = YES_AGGRESSIVE;
				CLANG_WARN_UNREACHABLE_CODE = YES;
				CLANG_WARN__DUPLICATE_METHOD_MATCH = YES;
				CODE_SIGN_IDENTITY = "iPhone Developer";
				COPY_PHASE_STRIP = NO;
				DEBUG_INFORMATION_FORMAT = "dwarf-with-dsym";
				ENABLE_NS_ASSERTIONS = NO;
				ENABLE_STRICT_OBJC_MSGSEND = YES;
				GCC_C_LANGUAGE_STANDARD = gnu11;
				GCC_NO_COMMON_BLOCKS = YES;
				GCC_WARN_64_TO_32_BIT_CONVERSION = YES;
				GCC_WARN_ABOUT_RETURN_TYPE = YES_ERROR;
				GCC_WARN_UNDECLARED_SELECTOR = YES;
				GCC_WARN_UNINITIALIZED_AUTOS = YES_AGGRESSIVE;
				GCC_WARN_UNUSED_FUNCTION = YES;
				GCC_WARN_UNUSED_VARIABLE = YES;
				IPHONEOS_DEPLOYMENT_TARGET = 11.3;
				MTL_ENABLE_DEBUG_INFO = NO;
				SDKROOT = iphoneos;
				SWIFT_COMPILATION_MODE = wholemodule;
				SWIFT_OPTIMIZATION_LEVEL = "-O";
				VALIDATE_PRODUCT = YES;
			};
			name = Release;
		};
		6E03D10A20943B6A00B16776 /* Debug */ = {
			isa = XCBuildConfiguration;
			buildSettings = {
				ASSETCATALOG_COMPILER_APPICON_NAME = AppIcon;
				CODE_SIGN_STYLE = Automatic;
				INFOPLIST_FILE = swiftyMaps/Info.plist;
				LD_RUNPATH_SEARCH_PATHS = (
					"$(inherited)",
					"@executable_path/Frameworks",
				);
				PRODUCT_BUNDLE_IDENTIFIER = com.maps.mapkit.swiftyMaps;
				PRODUCT_NAME = "$(TARGET_NAME)";
				SWIFT_VERSION = 4.0;
				TARGETED_DEVICE_FAMILY = "1,2";
			};
			name = Debug;
		};
		6E03D10B20943B6A00B16776 /* Release */ = {
			isa = XCBuildConfiguration;
			buildSettings = {
				ASSETCATALOG_COMPILER_APPICON_NAME = AppIcon;
				CODE_SIGN_STYLE = Automatic;
				INFOPLIST_FILE = swiftyMaps/Info.plist;
				LD_RUNPATH_SEARCH_PATHS = (
					"$(inherited)",
					"@executable_path/Frameworks",
				);
				PRODUCT_BUNDLE_IDENTIFIER = com.maps.mapkit.swiftyMaps;
				PRODUCT_NAME = "$(TARGET_NAME)";
				SWIFT_VERSION = 4.0;
				TARGETED_DEVICE_FAMILY = "1,2";
			};
			name = Release;
		};
		6E03D10D20943B6A00B16776 /* Debug */ = {
			isa = XCBuildConfiguration;
			buildSettings = {
				ALWAYS_EMBED_SWIFT_STANDARD_LIBRARIES = YES;
				BUNDLE_LOADER = "$(TEST_HOST)";
				CODE_SIGN_STYLE = Automatic;
				INFOPLIST_FILE = swiftyMapsTests/Info.plist;
				LD_RUNPATH_SEARCH_PATHS = (
					"$(inherited)",
					"@executable_path/Frameworks",
					"@loader_path/Frameworks",
				);
				PRODUCT_BUNDLE_IDENTIFIER = com.maps.mapkit.swiftyMapsTests;
				PRODUCT_NAME = "$(TARGET_NAME)";
				SWIFT_VERSION = 4.0;
				TARGETED_DEVICE_FAMILY = "1,2";
				TEST_HOST = "$(BUILT_PRODUCTS_DIR)/swiftyMaps.app/swiftyMaps";
			};
			name = Debug;
		};
		6E03D10E20943B6A00B16776 /* Release */ = {
			isa = XCBuildConfiguration;
			buildSettings = {
				ALWAYS_EMBED_SWIFT_STANDARD_LIBRARIES = YES;
				BUNDLE_LOADER = "$(TEST_HOST)";
				CODE_SIGN_STYLE = Automatic;
				INFOPLIST_FILE = swiftyMapsTests/Info.plist;
				LD_RUNPATH_SEARCH_PATHS = (
					"$(inherited)",
					"@executable_path/Frameworks",
					"@loader_path/Frameworks",
				);
				PRODUCT_BUNDLE_IDENTIFIER = com.maps.mapkit.swiftyMapsTests;
				PRODUCT_NAME = "$(TARGET_NAME)";
				SWIFT_VERSION = 4.0;
				TARGETED_DEVICE_FAMILY = "1,2";
				TEST_HOST = "$(BUILT_PRODUCTS_DIR)/swiftyMaps.app/swiftyMaps";
			};
			name = Release;
		};
		6E03D11020943B6A00B16776 /* Debug */ = {
			isa = XCBuildConfiguration;
			buildSettings = {
				ALWAYS_EMBED_SWIFT_STANDARD_LIBRARIES = YES;
				CODE_SIGN_STYLE = Automatic;
				INFOPLIST_FILE = swiftyMapsUITests/Info.plist;
				LD_RUNPATH_SEARCH_PATHS = (
					"$(inherited)",
					"@executable_path/Frameworks",
					"@loader_path/Frameworks",
				);
				PRODUCT_BUNDLE_IDENTIFIER = com.maps.mapkit.swiftyMapsUITests;
				PRODUCT_NAME = "$(TARGET_NAME)";
				SWIFT_VERSION = 4.0;
				TARGETED_DEVICE_FAMILY = "1,2";
				TEST_TARGET_NAME = swiftyMaps;
			};
			name = Debug;
		};
		6E03D11120943B6A00B16776 /* Release */ = {
			isa = XCBuildConfiguration;
			buildSettings = {
				ALWAYS_EMBED_SWIFT_STANDARD_LIBRARIES = YES;
				CODE_SIGN_STYLE = Automatic;
				INFOPLIST_FILE = swiftyMapsUITests/Info.plist;
				LD_RUNPATH_SEARCH_PATHS = (
					"$(inherited)",
					"@executable_path/Frameworks",
					"@loader_path/Frameworks",
				);
				PRODUCT_BUNDLE_IDENTIFIER = com.maps.mapkit.swiftyMapsUITests;
				PRODUCT_NAME = "$(TARGET_NAME)";
				SWIFT_VERSION = 4.0;
				TARGETED_DEVICE_FAMILY = "1,2";
				TEST_TARGET_NAME = swiftyMaps;
			};
			name = Release;
		};
/* End XCBuildConfiguration section */

/* Begin XCConfigurationList section */
		6E03D0DC20943B6800B16776 /* Build configuration list for PBXProject "swiftyMaps" */ = {
			isa = XCConfigurationList;
			buildConfigurations = (
				6E03D10720943B6A00B16776 /* Debug */,
				6E03D10820943B6A00B16776 /* Release */,
			);
			defaultConfigurationIsVisible = 0;
			defaultConfigurationName = Release;
		};
		6E03D10920943B6A00B16776 /* Build configuration list for PBXNativeTarget "swiftyMaps" */ = {
			isa = XCConfigurationList;
			buildConfigurations = (
				6E03D10A20943B6A00B16776 /* Debug */,
				6E03D10B20943B6A00B16776 /* Release */,
			);
			defaultConfigurationIsVisible = 0;
			defaultConfigurationName = Release;
		};
		6E03D10C20943B6A00B16776 /* Build configuration list for PBXNativeTarget "swiftyMapsTests" */ = {
			isa = XCConfigurationList;
			buildConfigurations = (
				6E03D10D20943B6A00B16776 /* Debug */,
				6E03D10E20943B6A00B16776 /* Release */,
			);
			defaultConfigurationIsVisible = 0;
			defaultConfigurationName = Release;
		};
		6E03D10F20943B6A00B16776 /* Build configuration list for PBXNativeTarget "swiftyMapsUITests" */ = {
			isa = XCConfigurationList;
			buildConfigurations = (
				6E03D11020943B6A00B16776 /* Debug */,
				6E03D11120943B6A00B16776 /* Release */,
			);
			defaultConfigurationIsVisible = 0;
			defaultConfigurationName = Release;
		};
/* End XCConfigurationList section */
	};
	rootObject = 6E03D0D920943B6800B16776 /* Project object */;
}
